{
  "object": {
    "pins": [
      {
        "package": "Threading",
        "repositoryURL": "https://github.com/Miraion/Threading",
        "state": {
          "branch": null,
          "revision": "f326bcd84449b7d6604f2b3ff601b8d87ac39790",
          "version": "1.0.1"
        }
      }
    ]
  },
  "version": 1
}
